
Microsoft Visual Studio Solution File, Format Version 12.00
# Visual Studio Version 17
VisualStudioVersion = 17.9.34728.123
MinimumVisualStudioVersion = 10.0.40219.1
Project("{FAE04EC0-301F-11D3-BF4B-00C04F79EFBC}") = "ProjectTempalte", "ProjectTempalte\ProjectTempalte.csproj", "{CE9BB0F9-BC6A-4FC2-ADBE-76558F4494ED}"
EndProject
Global
	GlobalSection(SolutionConfigurationPlatforms) = preSolution
		Debug|Any CPU = Debug|Any CPU
		Release|Any CPU = Release|Any CPU
	EndGlobalSection
	GlobalSection(ProjectConfigurationPlatforms) = postSolution
		{CE9BB0F9-BC6A-4FC2-ADBE-76558F4494ED}.Debug|Any CPU.ActiveCfg = Debug|Any CPU
		{CE9BB0F9-BC6A-4FC2-ADBE-76558F4494ED}.Debug|Any CPU.Build.0 = Debug|Any CPU
		{CE9BB0F9-BC6A-4FC2-ADBE-76558F4494ED}.Release|Any CPU.ActiveCfg = Release|Any CPU
		{CE9BB0F9-BC6A-4FC2-ADBE-76558F4494ED}.Release|Any CPU.Build.0 = Release|Any CPU
	EndGlobalSection
	GlobalSection(SolutionProperties) = preSolution
		HideSolutionNode = FALSE
	EndGlobalSection
	GlobalSection(ExtensibilityGlobals) = postSolution
		SolutionGuid = {32F1B708-605A-4FC1-8826-671D88BB1464}
	EndGlobalSection
EndGlobal
